uuid: 7b961c2f-a5f2-4909-a76f-faac68ab0935
langcode: en
status: true
dependencies:
  module:
    - system
  theme:
    - platon
id: dashboard_system_powered_by_block
theme: platon
region: content
weight: 0
provider: null
plugin: system_powered_by_block
settings:
  id: system_powered_by_block
  label: 'Dashboard: Powered by Drupal'
  provider: system
  label_display: ''
visibility:
  request_path:
    id: request_path
    pages: '<front>'
    negate: false
    context_mapping: {  }
